// !$*UTF8*$!
{
	archiveVersion = 1;
	classes = {
	};
	objectVersion = 55;
	objects = {

/* Begin PBXBuildFile section */
		06B194BAE7055496174208E9 /* trueLaunchListInteractorOutput.swift in Sources */ = {isa = PBXBuildFile; fileRef = 2D93E5AC0863DDB2914E90E5 /* trueLaunchListInteractorOutput.swift */; };
		0DA2DDD1D47AF25AD9F740CA /* trueLaunchListInteractor.swift in Sources */ = {isa = PBXBuildFile; fileRef = 1DC93260558B07B60EF320F0 /* trueLaunchListInteractor.swift */; };
		10A2544272001F2059DF0B94 /* trueLaunchInfoInteractorOutput.swift in Sources */ = {isa = PBXBuildFile; fileRef = 55EBDE148FD03534A3C8BFEE /* trueLaunchInfoInteractorOutput.swift */; };
		185486DDE23AC1C47830EBB3 /* trueLaunchListInteractorInput.swift in Sources */ = {isa = PBXBuildFile; fileRef = 01CE43969BCA38FBBA79FACD /* trueLaunchListInteractorInput.swift */; };
		344A062850B2D8ACD56A52E2 /* trueLaunchInfoInitializer.swift in Sources */ = {isa = PBXBuildFile; fileRef = 0F3E6047607098ED0DC71CB3 /* trueLaunchInfoInitializer.swift */; };
		37D8EF7847790FD237E46AE4 /* trueLaunchInfoViewController.swift in Sources */ = {isa = PBXBuildFile; fileRef = 21ABBE8BAB16554AD596991C /* trueLaunchInfoViewController.swift */; };
		3C373758944380CFA35F3DEA /* trueLaunchInfoConfigurator.swift in Sources */ = {isa = PBXBuildFile; fileRef = CECDCDF39F835CF3FCBB9592 /* trueLaunchInfoConfigurator.swift */; };
		49D7B363273D5714001E8EFB /* AppDelegate.swift in Sources */ = {isa = PBXBuildFile; fileRef = 49D7B362273D5714001E8EFB /* AppDelegate.swift */; };
		49D7B365273D5714001E8EFB /* SceneDelegate.swift in Sources */ = {isa = PBXBuildFile; fileRef = 49D7B364273D5714001E8EFB /* SceneDelegate.swift */; };
		49D7B36C273D5717001E8EFB /* Assets.xcassets in Resources */ = {isa = PBXBuildFile; fileRef = 49D7B36B273D5717001E8EFB /* Assets.xcassets */; };
		49D7B36F273D5717001E8EFB /* LaunchScreen.storyboard in Resources */ = {isa = PBXBuildFile; fileRef = 49D7B36D273D5717001E8EFB /* LaunchScreen.storyboard */; };
		49D7B37B273E57EC001E8EFB /* Launch Mission Cell.swift in Sources */ = {isa = PBXBuildFile; fileRef = 49D7B37A273E57EC001E8EFB /* Launch Mission Cell.swift */; };
		49D7B37D273E7343001E8EFB /* Mission.swift in Sources */ = {isa = PBXBuildFile; fileRef = 49D7B37C273E7343001E8EFB /* Mission.swift */; };
		4E65EC22DA0BCFB3CEB73F51 /* Pods_SpaceXLaunches.framework in Frameworks */ = {isa = PBXBuildFile; fileRef = 7FC89B971D3F500BDABAE625 /* Pods_SpaceXLaunches.framework */; };
		848543E28266A907FC370F72 /* trueLaunchListViewInput.swift in Sources */ = {isa = PBXBuildFile; fileRef = 401A0CEDC58F91D2C8D4FCB1 /* trueLaunchListViewInput.swift */; };
		90B1C92B577376CC63097A44 /* trueLaunchListRouterInput.swift in Sources */ = {isa = PBXBuildFile; fileRef = 7499CE42D4FDB3C05A977182 /* trueLaunchListRouterInput.swift */; };
		92AF5E0E7C7514103BE4613E /* trueLaunchInfoViewOutput.swift in Sources */ = {isa = PBXBuildFile; fileRef = A4F90B077479285B668114EE /* trueLaunchInfoViewOutput.swift */; };
		940AFC38699BECA730DA784A /* trueLaunchListConfigurator.swift in Sources */ = {isa = PBXBuildFile; fileRef = 945D350D1B3523B4F603A99A /* trueLaunchListConfigurator.swift */; };
		9534B115AE4DD3F5A5F21D29 /* trueLaunchInfoInteractorInput.swift in Sources */ = {isa = PBXBuildFile; fileRef = DFEE4D428B7A33515BA2166C /* trueLaunchInfoInteractorInput.swift */; };
		95A8F7D529D3D48FFAED250A /* trueLaunchListViewOutput.swift in Sources */ = {isa = PBXBuildFile; fileRef = A7F3C074713285F72A8EC55E /* trueLaunchListViewOutput.swift */; };
		9814ACAE6E87D4572C621DF2 /* trueLaunchInfoInteractor.swift in Sources */ = {isa = PBXBuildFile; fileRef = 0C52E991BD0E33AD730BE5F6 /* trueLaunchInfoInteractor.swift */; };
		9CE11553D4CC69CD0BFFAACD /* trueLaunchListModuleInput.swift in Sources */ = {isa = PBXBuildFile; fileRef = 40EA26C8433235ED61BE45F3 /* trueLaunchListModuleInput.swift */; };
		9F38A288130F8466E19C0179 /* trueLaunchListRouter.swift in Sources */ = {isa = PBXBuildFile; fileRef = 6281031301DB79D9DDC91A97 /* trueLaunchListRouter.swift */; };
		B32E1F4D31A73CF4CA104E8F /* trueLaunchInfoRouterInput.swift in Sources */ = {isa = PBXBuildFile; fileRef = DF66BE6A460B7EC971F83C42 /* trueLaunchInfoRouterInput.swift */; };
		BF81E627291474DFAF9B78BE /* trueLaunchListViewController.swift in Sources */ = {isa = PBXBuildFile; fileRef = 0A89E805A9EACB6AB647EDAF /* trueLaunchListViewController.swift */; };
		C2163B90FE5522F45CDDC841 /* trueLaunchListPresenter.swift in Sources */ = {isa = PBXBuildFile; fileRef = 36AAD211F15FD858AEA2210B /* trueLaunchListPresenter.swift */; };
		C4EEA93A9BEFDAFC895292AF /* trueLaunchInfoRouter.swift in Sources */ = {isa = PBXBuildFile; fileRef = F82220A2BDC929664ECD775D /* trueLaunchInfoRouter.swift */; };
		DD707E781D59A0D4E3D6D30A /* trueLaunchInfoPresenter.swift in Sources */ = {isa = PBXBuildFile; fileRef = 7334D5680822B7A05C0ECC90 /* trueLaunchInfoPresenter.swift */; };
		E732485144AE3A57193D644E /* trueLaunchInfoViewInput.swift in Sources */ = {isa = PBXBuildFile; fileRef = A1F0B60A1D73EF3CBAC63CC9 /* trueLaunchInfoViewInput.swift */; };
		F16CDA45EA28751E64F17D90 /* trueLaunchListInitializer.swift in Sources */ = {isa = PBXBuildFile; fileRef = 6801BC9287A6D1AEAB47D4CA /* trueLaunchListInitializer.swift */; };
		F9791747B6DA48C5654FCE7A /* trueLaunchInfoModuleInput.swift in Sources */ = {isa = PBXBuildFile; fileRef = CBDE09681A2E52793AD30617 /* trueLaunchInfoModuleInput.swift */; };
/* End PBXBuildFile section */

/* Begin PBXFileReference section */
		01CE43969BCA38FBBA79FACD /* trueLaunchListInteractorInput.swift */ = {isa = PBXFileReference; includeInIndex = 1; lastKnownFileType = sourcecode.swift; path = trueLaunchListInteractorInput.swift; sourceTree = "<group>"; };
		0A89E805A9EACB6AB647EDAF /* trueLaunchListViewController.swift */ = {isa = PBXFileReference; includeInIndex = 1; lastKnownFileType = sourcecode.swift; path = trueLaunchListViewController.swift; sourceTree = "<group>"; };
		0C52E991BD0E33AD730BE5F6 /* trueLaunchInfoInteractor.swift */ = {isa = PBXFileReference; includeInIndex = 1; lastKnownFileType = sourcecode.swift; path = trueLaunchInfoInteractor.swift; sourceTree = "<group>"; };
		0F3E6047607098ED0DC71CB3 /* trueLaunchInfoInitializer.swift */ = {isa = PBXFileReference; includeInIndex = 1; lastKnownFileType = sourcecode.swift; path = trueLaunchInfoInitializer.swift; sourceTree = "<group>"; };
		1DC93260558B07B60EF320F0 /* trueLaunchListInteractor.swift */ = {isa = PBXFileReference; includeInIndex = 1; lastKnownFileType = sourcecode.swift; path = trueLaunchListInteractor.swift; sourceTree = "<group>"; };
		21ABBE8BAB16554AD596991C /* trueLaunchInfoViewController.swift */ = {isa = PBXFileReference; includeInIndex = 1; lastKnownFileType = sourcecode.swift; path = trueLaunchInfoViewController.swift; sourceTree = "<group>"; };
		2D93E5AC0863DDB2914E90E5 /* trueLaunchListInteractorOutput.swift */ = {isa = PBXFileReference; includeInIndex = 1; lastKnownFileType = sourcecode.swift; path = trueLaunchListInteractorOutput.swift; sourceTree = "<group>"; };
		36AAD211F15FD858AEA2210B /* trueLaunchListPresenter.swift */ = {isa = PBXFileReference; includeInIndex = 1; lastKnownFileType = sourcecode.swift; path = trueLaunchListPresenter.swift; sourceTree = "<group>"; };
		401A0CEDC58F91D2C8D4FCB1 /* trueLaunchListViewInput.swift */ = {isa = PBXFileReference; includeInIndex = 1; lastKnownFileType = sourcecode.swift; path = trueLaunchListViewInput.swift; sourceTree = "<group>"; };
		40EA26C8433235ED61BE45F3 /* trueLaunchListModuleInput.swift */ = {isa = PBXFileReference; includeInIndex = 1; lastKnownFileType = sourcecode.swift; path = trueLaunchListModuleInput.swift; sourceTree = "<group>"; };
		49D7B35F273D5714001E8EFB /* SpaceXLaunches.app */ = {isa = PBXFileReference; explicitFileType = wrapper.application; includeInIndex = 0; path = SpaceXLaunches.app; sourceTree = BUILT_PRODUCTS_DIR; };
		49D7B362273D5714001E8EFB /* AppDelegate.swift */ = {isa = PBXFileReference; lastKnownFileType = sourcecode.swift; path = AppDelegate.swift; sourceTree = "<group>"; };
		49D7B364273D5714001E8EFB /* SceneDelegate.swift */ = {isa = PBXFileReference; lastKnownFileType = sourcecode.swift; path = SceneDelegate.swift; sourceTree = "<group>"; };
		49D7B36B273D5717001E8EFB /* Assets.xcassets */ = {isa = PBXFileReference; lastKnownFileType = folder.assetcatalog; path = Assets.xcassets; sourceTree = "<group>"; };
		49D7B36E273D5717001E8EFB /* Base */ = {isa = PBXFileReference; lastKnownFileType = file.storyboard; name = Base; path = Base.lproj/LaunchScreen.storyboard; sourceTree = "<group>"; };
		49D7B370273D5717001E8EFB /* Info.plist */ = {isa = PBXFileReference; lastKnownFileType = text.plist.xml; path = Info.plist; sourceTree = "<group>"; };
		49D7B37A273E57EC001E8EFB /* Launch Mission Cell.swift */ = {isa = PBXFileReference; lastKnownFileType = sourcecode.swift; path = "Launch Mission Cell.swift"; sourceTree = "<group>"; };
		49D7B37C273E7343001E8EFB /* Mission.swift */ = {isa = PBXFileReference; lastKnownFileType = sourcecode.swift; path = Mission.swift; sourceTree = "<group>"; };
		55EBDE148FD03534A3C8BFEE /* trueLaunchInfoInteractorOutput.swift */ = {isa = PBXFileReference; includeInIndex = 1; lastKnownFileType = sourcecode.swift; path = trueLaunchInfoInteractorOutput.swift; sourceTree = "<group>"; };
		6281031301DB79D9DDC91A97 /* trueLaunchListRouter.swift */ = {isa = PBXFileReference; includeInIndex = 1; lastKnownFileType = sourcecode.swift; path = trueLaunchListRouter.swift; sourceTree = "<group>"; };
		6801BC9287A6D1AEAB47D4CA /* trueLaunchListInitializer.swift */ = {isa = PBXFileReference; includeInIndex = 1; lastKnownFileType = sourcecode.swift; path = trueLaunchListInitializer.swift; sourceTree = "<group>"; };
		7334D5680822B7A05C0ECC90 /* trueLaunchInfoPresenter.swift */ = {isa = PBXFileReference; includeInIndex = 1; lastKnownFileType = sourcecode.swift; path = trueLaunchInfoPresenter.swift; sourceTree = "<group>"; };
		7499CE42D4FDB3C05A977182 /* trueLaunchListRouterInput.swift */ = {isa = PBXFileReference; includeInIndex = 1; lastKnownFileType = sourcecode.swift; path = trueLaunchListRouterInput.swift; sourceTree = "<group>"; };
		7FC89B971D3F500BDABAE625 /* Pods_SpaceXLaunches.framework */ = {isa = PBXFileReference; explicitFileType = wrapper.framework; includeInIndex = 0; path = Pods_SpaceXLaunches.framework; sourceTree = BUILT_PRODUCTS_DIR; };
		945D350D1B3523B4F603A99A /* trueLaunchListConfigurator.swift */ = {isa = PBXFileReference; includeInIndex = 1; lastKnownFileType = sourcecode.swift; path = trueLaunchListConfigurator.swift; sourceTree = "<group>"; };
		A1F0B60A1D73EF3CBAC63CC9 /* trueLaunchInfoViewInput.swift */ = {isa = PBXFileReference; includeInIndex = 1; lastKnownFileType = sourcecode.swift; path = trueLaunchInfoViewInput.swift; sourceTree = "<group>"; };
		A4F90B077479285B668114EE /* trueLaunchInfoViewOutput.swift */ = {isa = PBXFileReference; includeInIndex = 1; lastKnownFileType = sourcecode.swift; path = trueLaunchInfoViewOutput.swift; sourceTree = "<group>"; };
		A7F3C074713285F72A8EC55E /* trueLaunchListViewOutput.swift */ = {isa = PBXFileReference; includeInIndex = 1; lastKnownFileType = sourcecode.swift; path = trueLaunchListViewOutput.swift; sourceTree = "<group>"; };
		CBDE09681A2E52793AD30617 /* trueLaunchInfoModuleInput.swift */ = {isa = PBXFileReference; includeInIndex = 1; lastKnownFileType = sourcecode.swift; path = trueLaunchInfoModuleInput.swift; sourceTree = "<group>"; };
		CC0DFCB2192B4F0173C1F548 /* Pods-SpaceXLaunches.debug.xcconfig */ = {isa = PBXFileReference; includeInIndex = 1; lastKnownFileType = text.xcconfig; name = "Pods-SpaceXLaunches.debug.xcconfig"; path = "Target Support Files/Pods-SpaceXLaunches/Pods-SpaceXLaunches.debug.xcconfig"; sourceTree = "<group>"; };
		CECDCDF39F835CF3FCBB9592 /* trueLaunchInfoConfigurator.swift */ = {isa = PBXFileReference; includeInIndex = 1; lastKnownFileType = sourcecode.swift; path = trueLaunchInfoConfigurator.swift; sourceTree = "<group>"; };
		D7E678CABA40D94AD7ED2654 /* Pods-SpaceXLaunches.release.xcconfig */ = {isa = PBXFileReference; includeInIndex = 1; lastKnownFileType = text.xcconfig; name = "Pods-SpaceXLaunches.release.xcconfig"; path = "Target Support Files/Pods-SpaceXLaunches/Pods-SpaceXLaunches.release.xcconfig"; sourceTree = "<group>"; };
		DF66BE6A460B7EC971F83C42 /* trueLaunchInfoRouterInput.swift */ = {isa = PBXFileReference; includeInIndex = 1; lastKnownFileType = sourcecode.swift; path = trueLaunchInfoRouterInput.swift; sourceTree = "<group>"; };
		DFEE4D428B7A33515BA2166C /* trueLaunchInfoInteractorInput.swift */ = {isa = PBXFileReference; includeInIndex = 1; lastKnownFileType = sourcecode.swift; path = trueLaunchInfoInteractorInput.swift; sourceTree = "<group>"; };
		F82220A2BDC929664ECD775D /* trueLaunchInfoRouter.swift */ = {isa = PBXFileReference; includeInIndex = 1; lastKnownFileType = sourcecode.swift; path = trueLaunchInfoRouter.swift; sourceTree = "<group>"; };
/* End PBXFileReference section */

/* Begin PBXFrameworksBuildPhase section */
		49D7B35C273D5714001E8EFB /* Frameworks */ = {
			isa = PBXFrameworksBuildPhase;
			buildActionMask = 2147483647;
			files = (
				4E65EC22DA0BCFB3CEB73F51 /* Pods_SpaceXLaunches.framework in Frameworks */,
			);
			runOnlyForDeploymentPostprocessing = 0;
		};
/* End PBXFrameworksBuildPhase section */

/* Begin PBXGroup section */
		18E835798E3867B0C0DE5CE1 /* LaunchList */ = {
			isa = PBXGroup;
			children = (
				BD953AB87A4C157C30B83BE6 /* View */,
				4E84776F0F595E48B520F403 /* Presenter */,
				E0729ED653F069E7F08899C8 /* Interactor */,
				7A17DC7A0298E1AA994B875C /* Router */,
				CEC3E56E953B19AD76CE8A6C /* Configurator */,
			);
			path = LaunchList;
			sourceTree = "<group>";
		};
		3AA52A9198FE4EC1C30C1D62 /* Pods */ = {
			isa = PBXGroup;
			children = (
				CC0DFCB2192B4F0173C1F548 /* Pods-SpaceXLaunches.debug.xcconfig */,
				D7E678CABA40D94AD7ED2654 /* Pods-SpaceXLaunches.release.xcconfig */,
			);
			path = Pods;
			sourceTree = "<group>";
		};
		3DC1E33CC4157C98EF8F356D /* Presenter */ = {
			isa = PBXGroup;
			children = (
				CBDE09681A2E52793AD30617 /* trueLaunchInfoModuleInput.swift */,
				7334D5680822B7A05C0ECC90 /* trueLaunchInfoPresenter.swift */,
			);
			name = Presenter;
			path = Presenter;
			sourceTree = "<group>";
		};
		3DFCA40D6ED05198F5AFAA1C /* Frameworks */ = {
			isa = PBXGroup;
			children = (
				7FC89B971D3F500BDABAE625 /* Pods_SpaceXLaunches.framework */,
			);
			name = Frameworks;
			sourceTree = "<group>";
		};
		49D7B356273D5714001E8EFB = {
			isa = PBXGroup;
			children = (
				49D7B361273D5714001E8EFB /* SpaceXLaunches */,
				49D7B360273D5714001E8EFB /* Products */,
				3AA52A9198FE4EC1C30C1D62 /* Pods */,
				3DFCA40D6ED05198F5AFAA1C /* Frameworks */,
			);
			sourceTree = "<group>";
		};
		49D7B360273D5714001E8EFB /* Products */ = {
			isa = PBXGroup;
			children = (
				49D7B35F273D5714001E8EFB /* SpaceXLaunches.app */,
			);
			name = Products;
			sourceTree = "<group>";
		};
		49D7B361273D5714001E8EFB /* SpaceXLaunches */ = {
			isa = PBXGroup;
			children = (
				49D7B379273D5C03001E8EFB /* CoreLayer */,
				49D7B378273D5BDF001E8EFB /* BusinessLayer */,
				49D7B376273D59DF001E8EFB /* PresentationLayer */,
				49D7B362273D5714001E8EFB /* AppDelegate.swift */,
				49D7B364273D5714001E8EFB /* SceneDelegate.swift */,
				49D7B36B273D5717001E8EFB /* Assets.xcassets */,
				49D7B36D273D5717001E8EFB /* LaunchScreen.storyboard */,
				49D7B370273D5717001E8EFB /* Info.plist */,
			);
			path = SpaceXLaunches;
			sourceTree = "<group>";
		};
		49D7B376273D59DF001E8EFB /* PresentationLayer */ = {
			isa = PBXGroup;
			children = (
				49D7B377273D59F4001E8EFB /* UserStories */,
			);
			path = PresentationLayer;
			sourceTree = "<group>";
		};
		49D7B377273D59F4001E8EFB /* UserStories */ = {
			isa = PBXGroup;
			children = (
				18E835798E3867B0C0DE5CE1 /* LaunchList */,
				940FDF1DEB7347DB788CB309 /* LaunchInfo */,
			);
			path = UserStories;
			sourceTree = "<group>";
		};
		49D7B378273D5BDF001E8EFB /* BusinessLayer */ = {
			isa = PBXGroup;
			children = (
			);
			path = BusinessLayer;
			sourceTree = "<group>";
		};
		49D7B379273D5C03001E8EFB /* CoreLayer */ = {
			isa = PBXGroup;
			children = (
				49D7B37C273E7343001E8EFB /* Mission.swift */,
			);
			path = CoreLayer;
			sourceTree = "<group>";
		};
		4BB7AC092C453E9E30B12060 /* Router */ = {
			isa = PBXGroup;
			children = (
				DF66BE6A460B7EC971F83C42 /* trueLaunchInfoRouterInput.swift */,
				F82220A2BDC929664ECD775D /* trueLaunchInfoRouter.swift */,
			);
			name = Router;
			path = Router;
			sourceTree = "<group>";
		};
		4E84776F0F595E48B520F403 /* Presenter */ = {
			isa = PBXGroup;
			children = (
				40EA26C8433235ED61BE45F3 /* trueLaunchListModuleInput.swift */,
				36AAD211F15FD858AEA2210B /* trueLaunchListPresenter.swift */,
			);
			path = Presenter;
			sourceTree = "<group>";
		};
		61E2D79D9308E876822DF2D8 /* View */ = {
			isa = PBXGroup;
			children = (
				A1F0B60A1D73EF3CBAC63CC9 /* trueLaunchInfoViewInput.swift */,
				A4F90B077479285B668114EE /* trueLaunchInfoViewOutput.swift */,
				21ABBE8BAB16554AD596991C /* trueLaunchInfoViewController.swift */,
			);
			name = View;
			path = View;
			sourceTree = "<group>";
		};
		7A17DC7A0298E1AA994B875C /* Router */ = {
			isa = PBXGroup;
			children = (
				7499CE42D4FDB3C05A977182 /* trueLaunchListRouterInput.swift */,
				6281031301DB79D9DDC91A97 /* trueLaunchListRouter.swift */,
			);
			path = Router;
			sourceTree = "<group>";
		};
		940FDF1DEB7347DB788CB309 /* LaunchInfo */ = {
			isa = PBXGroup;
			children = (
				61E2D79D9308E876822DF2D8 /* View */,
				3DC1E33CC4157C98EF8F356D /* Presenter */,
				D46421F9C2F63CBFCF74E8C3 /* Interactor */,
				4BB7AC092C453E9E30B12060 /* Router */,
				9B5311CBB746FAD35BB8ED9F /* Configurator */,
			);
			name = LaunchInfo;
			path = LaunchInfo;
			sourceTree = "<group>";
		};
		9B5311CBB746FAD35BB8ED9F /* Configurator */ = {
			isa = PBXGroup;
			children = (
				CECDCDF39F835CF3FCBB9592 /* trueLaunchInfoConfigurator.swift */,
				0F3E6047607098ED0DC71CB3 /* trueLaunchInfoInitializer.swift */,
			);
			name = Configurator;
			path = Configurator;
			sourceTree = "<group>";
		};
		BD953AB87A4C157C30B83BE6 /* View */ = {
			isa = PBXGroup;
			children = (
				401A0CEDC58F91D2C8D4FCB1 /* trueLaunchListViewInput.swift */,
				A7F3C074713285F72A8EC55E /* trueLaunchListViewOutput.swift */,
				0A89E805A9EACB6AB647EDAF /* trueLaunchListViewController.swift */,
				49D7B37A273E57EC001E8EFB /* Launch Mission Cell.swift */,
			);
			path = View;
			sourceTree = "<group>";
		};
		CEC3E56E953B19AD76CE8A6C /* Configurator */ = {
			isa = PBXGroup;
			children = (
				945D350D1B3523B4F603A99A /* trueLaunchListConfigurator.swift */,
				6801BC9287A6D1AEAB47D4CA /* trueLaunchListInitializer.swift */,
			);
			path = Configurator;
			sourceTree = "<group>";
		};
		D46421F9C2F63CBFCF74E8C3 /* Interactor */ = {
			isa = PBXGroup;
			children = (
				DFEE4D428B7A33515BA2166C /* trueLaunchInfoInteractorInput.swift */,
				55EBDE148FD03534A3C8BFEE /* trueLaunchInfoInteractorOutput.swift */,
				0C52E991BD0E33AD730BE5F6 /* trueLaunchInfoInteractor.swift */,
			);
			name = Interactor;
			path = Interactor;
			sourceTree = "<group>";
		};
		E0729ED653F069E7F08899C8 /* Interactor */ = {
			isa = PBXGroup;
			children = (
				01CE43969BCA38FBBA79FACD /* trueLaunchListInteractorInput.swift */,
				2D93E5AC0863DDB2914E90E5 /* trueLaunchListInteractorOutput.swift */,
				1DC93260558B07B60EF320F0 /* trueLaunchListInteractor.swift */,
			);
			path = Interactor;
			sourceTree = "<group>";
		};
/* End PBXGroup section */

/* Begin PBXNativeTarget section */
		49D7B35E273D5714001E8EFB /* SpaceXLaunches */ = {
			isa = PBXNativeTarget;
			buildConfigurationList = 49D7B373273D5717001E8EFB /* Build configuration list for PBXNativeTarget "SpaceXLaunches" */;
			buildPhases = (
				02EEB451C793046BCE892257 /* [CP] Check Pods Manifest.lock */,
				49D7B35B273D5714001E8EFB /* Sources */,
				49D7B35C273D5714001E8EFB /* Frameworks */,
				49D7B35D273D5714001E8EFB /* Resources */,
				391816B1A72BC8C00A5E84EE /* [CP] Embed Pods Frameworks */,
			);
			buildRules = (
			);
			dependencies = (
			);
			name = SpaceXLaunches;
			productName = SpaceXLaunches;
			productReference = 49D7B35F273D5714001E8EFB /* SpaceXLaunches.app */;
			productType = "com.apple.product-type.application";
		};
/* End PBXNativeTarget section */

/* Begin PBXProject section */
		49D7B357273D5714001E8EFB /* Project object */ = {
			isa = PBXProject;
			attributes = {
				BuildIndependentTargetsInParallel = 1;
				LastSwiftUpdateCheck = 1300;
				LastUpgradeCheck = 1300;
				TargetAttributes = {
					49D7B35E273D5714001E8EFB = {
						CreatedOnToolsVersion = 13.0;
					};
				};
			};
			buildConfigurationList = 49D7B35A273D5714001E8EFB /* Build configuration list for PBXProject "SpaceXLaunches" */;
			compatibilityVersion = "Xcode 13.0";
			developmentRegion = en;
			hasScannedForEncodings = 0;
			knownRegions = (
				en,
				Base,
			);
			mainGroup = 49D7B356273D5714001E8EFB;
			productRefGroup = 49D7B360273D5714001E8EFB /* Products */;
			projectDirPath = "";
			projectRoot = "";
			targets = (
				49D7B35E273D5714001E8EFB /* SpaceXLaunches */,
			);
		};
/* End PBXProject section */

/* Begin PBXResourcesBuildPhase section */
		49D7B35D273D5714001E8EFB /* Resources */ = {
			isa = PBXResourcesBuildPhase;
			buildActionMask = 2147483647;
			files = (
				49D7B36F273D5717001E8EFB /* LaunchScreen.storyboard in Resources */,
				49D7B36C273D5717001E8EFB /* Assets.xcassets in Resources */,
			);
			runOnlyForDeploymentPostprocessing = 0;
		};
/* End PBXResourcesBuildPhase section */

/* Begin PBXShellScriptBuildPhase section */
		02EEB451C793046BCE892257 /* [CP] Check Pods Manifest.lock */ = {
			isa = PBXShellScriptBuildPhase;
			buildActionMask = 2147483647;
			files = (
			);
			inputFileListPaths = (
			);
			inputPaths = (
				"${PODS_PODFILE_DIR_PATH}/Podfile.lock",
				"${PODS_ROOT}/Manifest.lock",
			);
			name = "[CP] Check Pods Manifest.lock";
			outputFileListPaths = (
			);
			outputPaths = (
				"$(DERIVED_FILE_DIR)/Pods-SpaceXLaunches-checkManifestLockResult.txt",
			);
			runOnlyForDeploymentPostprocessing = 0;
			shellPath = /bin/sh;
			shellScript = "diff \"${PODS_PODFILE_DIR_PATH}/Podfile.lock\" \"${PODS_ROOT}/Manifest.lock\" > /dev/null\nif [ $? != 0 ] ; then\n    # print error to STDERR\n    echo \"error: The sandbox is not in sync with the Podfile.lock. Run 'pod install' or update your CocoaPods installation.\" >&2\n    exit 1\nfi\n# This output is used by Xcode 'outputs' to avoid re-running this script phase.\necho \"SUCCESS\" > \"${SCRIPT_OUTPUT_FILE_0}\"\n";
			showEnvVarsInLog = 0;
		};
		391816B1A72BC8C00A5E84EE /* [CP] Embed Pods Frameworks */ = {
			isa = PBXShellScriptBuildPhase;
			buildActionMask = 2147483647;
			files = (
			);
			inputFileListPaths = (
				"${PODS_ROOT}/Target Support Files/Pods-SpaceXLaunches/Pods-SpaceXLaunches-frameworks-${CONFIGURATION}-input-files.xcfilelist",
			);
			name = "[CP] Embed Pods Frameworks";
			outputFileListPaths = (
				"${PODS_ROOT}/Target Support Files/Pods-SpaceXLaunches/Pods-SpaceXLaunches-frameworks-${CONFIGURATION}-output-files.xcfilelist",
			);
			runOnlyForDeploymentPostprocessing = 0;
			shellPath = /bin/sh;
			shellScript = "\"${PODS_ROOT}/Target Support Files/Pods-SpaceXLaunches/Pods-SpaceXLaunches-frameworks.sh\"\n";
			showEnvVarsInLog = 0;
		};
/* End PBXShellScriptBuildPhase section */

/* Begin PBXSourcesBuildPhase section */
		49D7B35B273D5714001E8EFB /* Sources */ = {
			isa = PBXSourcesBuildPhase;
			buildActionMask = 2147483647;
			files = (
				49D7B363273D5714001E8EFB /* AppDelegate.swift in Sources */,
				49D7B365273D5714001E8EFB /* SceneDelegate.swift in Sources */,
				848543E28266A907FC370F72 /* trueLaunchListViewInput.swift in Sources */,
				49D7B37B273E57EC001E8EFB /* Launch Mission Cell.swift in Sources */,
				95A8F7D529D3D48FFAED250A /* trueLaunchListViewOutput.swift in Sources */,
				BF81E627291474DFAF9B78BE /* trueLaunchListViewController.swift in Sources */,
				9CE11553D4CC69CD0BFFAACD /* trueLaunchListModuleInput.swift in Sources */,
				C2163B90FE5522F45CDDC841 /* trueLaunchListPresenter.swift in Sources */,
				185486DDE23AC1C47830EBB3 /* trueLaunchListInteractorInput.swift in Sources */,
				06B194BAE7055496174208E9 /* trueLaunchListInteractorOutput.swift in Sources */,
				49D7B37D273E7343001E8EFB /* Mission.swift in Sources */,
				0DA2DDD1D47AF25AD9F740CA /* trueLaunchListInteractor.swift in Sources */,
				90B1C92B577376CC63097A44 /* trueLaunchListRouterInput.swift in Sources */,
				9F38A288130F8466E19C0179 /* trueLaunchListRouter.swift in Sources */,
				940AFC38699BECA730DA784A /* trueLaunchListConfigurator.swift in Sources */,
				F16CDA45EA28751E64F17D90 /* trueLaunchListInitializer.swift in Sources */,
				E732485144AE3A57193D644E /* trueLaunchInfoViewInput.swift in Sources */,
				92AF5E0E7C7514103BE4613E /* trueLaunchInfoViewOutput.swift in Sources */,
				37D8EF7847790FD237E46AE4 /* trueLaunchInfoViewController.swift in Sources */,
				F9791747B6DA48C5654FCE7A /* trueLaunchInfoModuleInput.swift in Sources */,
				DD707E781D59A0D4E3D6D30A /* trueLaunchInfoPresenter.swift in Sources */,
				9534B115AE4DD3F5A5F21D29 /* trueLaunchInfoInteractorInput.swift in Sources */,
				10A2544272001F2059DF0B94 /* trueLaunchInfoInteractorOutput.swift in Sources */,
				9814ACAE6E87D4572C621DF2 /* trueLaunchInfoInteractor.swift in Sources */,
				B32E1F4D31A73CF4CA104E8F /* trueLaunchInfoRouterInput.swift in Sources */,
				C4EEA93A9BEFDAFC895292AF /* trueLaunchInfoRouter.swift in Sources */,
				3C373758944380CFA35F3DEA /* trueLaunchInfoConfigurator.swift in Sources */,
				344A062850B2D8ACD56A52E2 /* trueLaunchInfoInitializer.swift in Sources */,
			);
			runOnlyForDeploymentPostprocessing = 0;
		};
/* End PBXSourcesBuildPhase section */

/* Begin PBXVariantGroup section */
		49D7B36D273D5717001E8EFB /* LaunchScreen.storyboard */ = {
			isa = PBXVariantGroup;
			children = (
				49D7B36E273D5717001E8EFB /* Base */,
			);
			name = LaunchScreen.storyboard;
			sourceTree = "<group>";
		};
/* End PBXVariantGroup section */

/* Begin XCBuildConfiguration section */
		49D7B371273D5717001E8EFB /* Debug */ = {
			isa = XCBuildConfiguration;
			buildSettings = {
				ALWAYS_SEARCH_USER_PATHS = NO;
				CLANG_ANALYZER_NONNULL = YES;
				CLANG_ANALYZER_NUMBER_OBJECT_CONVERSION = YES_AGGRESSIVE;
				CLANG_CXX_LANGUAGE_STANDARD = "gnu++17";
				CLANG_CXX_LIBRARY = "libc++";
				CLANG_ENABLE_MODULES = YES;
				CLANG_ENABLE_OBJC_ARC = YES;
				CLANG_ENABLE_OBJC_WEAK = YES;
				CLANG_WARN_BLOCK_CAPTURE_AUTORELEASING = YES;
				CLANG_WARN_BOOL_CONVERSION = YES;
				CLANG_WARN_COMMA = YES;
				CLANG_WARN_CONSTANT_CONVERSION = YES;
				CLANG_WARN_DEPRECATED_OBJC_IMPLEMENTATIONS = YES;
				CLANG_WARN_DIRECT_OBJC_ISA_USAGE = YES_ERROR;
				CLANG_WARN_DOCUMENTATION_COMMENTS = YES;
				CLANG_WARN_EMPTY_BODY = YES;
				CLANG_WARN_ENUM_CONVERSION = YES;
				CLANG_WARN_INFINITE_RECURSION = YES;
				CLANG_WARN_INT_CONVERSION = YES;
				CLANG_WARN_NON_LITERAL_NULL_CONVERSION = YES;
				CLANG_WARN_OBJC_IMPLICIT_RETAIN_SELF = YES;
				CLANG_WARN_OBJC_LITERAL_CONVERSION = YES;
				CLANG_WARN_OBJC_ROOT_CLASS = YES_ERROR;
				CLANG_WARN_QUOTED_INCLUDE_IN_FRAMEWORK_HEADER = YES;
				CLANG_WARN_RANGE_LOOP_ANALYSIS = YES;
				CLANG_WARN_STRICT_PROTOTYPES = YES;
				CLANG_WARN_SUSPICIOUS_MOVE = YES;
				CLANG_WARN_UNGUARDED_AVAILABILITY = YES_AGGRESSIVE;
				CLANG_WARN_UNREACHABLE_CODE = YES;
				CLANG_WARN__DUPLICATE_METHOD_MATCH = YES;
				COPY_PHASE_STRIP = NO;
				DEBUG_INFORMATION_FORMAT = dwarf;
				ENABLE_STRICT_OBJC_MSGSEND = YES;
				ENABLE_TESTABILITY = YES;
				GCC_C_LANGUAGE_STANDARD = gnu11;
				GCC_DYNAMIC_NO_PIC = NO;
				GCC_NO_COMMON_BLOCKS = YES;
				GCC_OPTIMIZATION_LEVEL = 0;
				GCC_PREPROCESSOR_DEFINITIONS = (
					"DEBUG=1",
					"$(inherited)",
				);
				GCC_WARN_64_TO_32_BIT_CONVERSION = YES;
				GCC_WARN_ABOUT_RETURN_TYPE = YES_ERROR;
				GCC_WARN_UNDECLARED_SELECTOR = YES;
				GCC_WARN_UNINITIALIZED_AUTOS = YES_AGGRESSIVE;
				GCC_WARN_UNUSED_FUNCTION = YES;
				GCC_WARN_UNUSED_VARIABLE = YES;
				IPHONEOS_DEPLOYMENT_TARGET = 15.0;
				MTL_ENABLE_DEBUG_INFO = INCLUDE_SOURCE;
				MTL_FAST_MATH = YES;
				ONLY_ACTIVE_ARCH = YES;
				SDKROOT = iphoneos;
				SWIFT_ACTIVE_COMPILATION_CONDITIONS = DEBUG;
				SWIFT_OPTIMIZATION_LEVEL = "-Onone";
			};
			name = Debug;
		};
		49D7B372273D5717001E8EFB /* Release */ = {
			isa = XCBuildConfiguration;
			buildSettings = {
				ALWAYS_SEARCH_USER_PATHS = NO;
				CLANG_ANALYZER_NONNULL = YES;
				CLANG_ANALYZER_NUMBER_OBJECT_CONVERSION = YES_AGGRESSIVE;
				CLANG_CXX_LANGUAGE_STANDARD = "gnu++17";
				CLANG_CXX_LIBRARY = "libc++";
				CLANG_ENABLE_MODULES = YES;
				CLANG_ENABLE_OBJC_ARC = YES;
				CLANG_ENABLE_OBJC_WEAK = YES;
				CLANG_WARN_BLOCK_CAPTURE_AUTORELEASING = YES;
				CLANG_WARN_BOOL_CONVERSION = YES;
				CLANG_WARN_COMMA = YES;
				CLANG_WARN_CONSTANT_CONVERSION = YES;
				CLANG_WARN_DEPRECATED_OBJC_IMPLEMENTATIONS = YES;
				CLANG_WARN_DIRECT_OBJC_ISA_USAGE = YES_ERROR;
				CLANG_WARN_DOCUMENTATION_COMMENTS = YES;
				CLANG_WARN_EMPTY_BODY = YES;
				CLANG_WARN_ENUM_CONVERSION = YES;
				CLANG_WARN_INFINITE_RECURSION = YES;
				CLANG_WARN_INT_CONVERSION = YES;
				CLANG_WARN_NON_LITERAL_NULL_CONVERSION = YES;
				CLANG_WARN_OBJC_IMPLICIT_RETAIN_SELF = YES;
				CLANG_WARN_OBJC_LITERAL_CONVERSION = YES;
				CLANG_WARN_OBJC_ROOT_CLASS = YES_ERROR;
				CLANG_WARN_QUOTED_INCLUDE_IN_FRAMEWORK_HEADER = YES;
				CLANG_WARN_RANGE_LOOP_ANALYSIS = YES;
				CLANG_WARN_STRICT_PROTOTYPES = YES;
				CLANG_WARN_SUSPICIOUS_MOVE = YES;
				CLANG_WARN_UNGUARDED_AVAILABILITY = YES_AGGRESSIVE;
				CLANG_WARN_UNREACHABLE_CODE = YES;
				CLANG_WARN__DUPLICATE_METHOD_MATCH = YES;
				COPY_PHASE_STRIP = NO;
				DEBUG_INFORMATION_FORMAT = "dwarf-with-dsym";
				ENABLE_NS_ASSERTIONS = NO;
				ENABLE_STRICT_OBJC_MSGSEND = YES;
				GCC_C_LANGUAGE_STANDARD = gnu11;
				GCC_NO_COMMON_BLOCKS = YES;
				GCC_WARN_64_TO_32_BIT_CONVERSION = YES;
				GCC_WARN_ABOUT_RETURN_TYPE = YES_ERROR;
				GCC_WARN_UNDECLARED_SELECTOR = YES;
				GCC_WARN_UNINITIALIZED_AUTOS = YES_AGGRESSIVE;
				GCC_WARN_UNUSED_FUNCTION = YES;
				GCC_WARN_UNUSED_VARIABLE = YES;
				IPHONEOS_DEPLOYMENT_TARGET = 15.0;
				MTL_ENABLE_DEBUG_INFO = NO;
				MTL_FAST_MATH = YES;
				SDKROOT = iphoneos;
				SWIFT_COMPILATION_MODE = wholemodule;
				SWIFT_OPTIMIZATION_LEVEL = "-O";
				VALIDATE_PRODUCT = YES;
			};
			name = Release;
		};
		49D7B374273D5717001E8EFB /* Debug */ = {
			isa = XCBuildConfiguration;
			baseConfigurationReference = CC0DFCB2192B4F0173C1F548 /* Pods-SpaceXLaunches.debug.xcconfig */;
			buildSettings = {
				ASSETCATALOG_COMPILER_APPICON_NAME = AppIcon;
				ASSETCATALOG_COMPILER_GLOBAL_ACCENT_COLOR_NAME = AccentColor;
				CODE_SIGN_STYLE = Automatic;
				CURRENT_PROJECT_VERSION = 1;
				GENERATE_INFOPLIST_FILE = YES;
				INFOPLIST_FILE = SpaceXLaunches/Info.plist;
				INFOPLIST_KEY_UIApplicationSupportsIndirectInputEvents = YES;
				INFOPLIST_KEY_UILaunchStoryboardName = LaunchScreen;
				INFOPLIST_KEY_UISupportedInterfaceOrientations_iPad = "UIInterfaceOrientationPortrait UIInterfaceOrientationPortraitUpsideDown UIInterfaceOrientationLandscapeLeft UIInterfaceOrientationLandscapeRight";
				INFOPLIST_KEY_UISupportedInterfaceOrientations_iPhone = "UIInterfaceOrientationPortrait UIInterfaceOrientationLandscapeLeft UIInterfaceOrientationLandscapeRight";
				LD_RUNPATH_SEARCH_PATHS = (
					"$(inherited)",
					"@executable_path/Frameworks",
				);
				MARKETING_VERSION = 1.0;
				PRODUCT_BUNDLE_IDENTIFIER = com.albrecht.SpaceXLaunches;
				PRODUCT_NAME = "$(TARGET_NAME)";
				SWIFT_EMIT_LOC_STRINGS = YES;
				SWIFT_VERSION = 5.0;
				TARGETED_DEVICE_FAMILY = "1,2";
			};
			name = Debug;
		};
		49D7B375273D5717001E8EFB /* Release */ = {
			isa = XCBuildConfiguration;
			baseConfigurationReference = D7E678CABA40D94AD7ED2654 /* Pods-SpaceXLaunches.release.xcconfig */;
			buildSettings = {
				ASSETCATALOG_COMPILER_APPICON_NAME = AppIcon;
				ASSETCATALOG_COMPILER_GLOBAL_ACCENT_COLOR_NAME = AccentColor;
				CODE_SIGN_STYLE = Automatic;
				CURRENT_PROJECT_VERSION = 1;
				GENERATE_INFOPLIST_FILE = YES;
				INFOPLIST_FILE = SpaceXLaunches/Info.plist;
				INFOPLIST_KEY_UIApplicationSupportsIndirectInputEvents = YES;
				INFOPLIST_KEY_UILaunchStoryboardName = LaunchScreen;
				INFOPLIST_KEY_UISupportedInterfaceOrientations_iPad = "UIInterfaceOrientationPortrait UIInterfaceOrientationPortraitUpsideDown UIInterfaceOrientationLandscapeLeft UIInterfaceOrientationLandscapeRight";
				INFOPLIST_KEY_UISupportedInterfaceOrientations_iPhone = "UIInterfaceOrientationPortrait UIInterfaceOrientationLandscapeLeft UIInterfaceOrientationLandscapeRight";
				LD_RUNPATH_SEARCH_PATHS = (
					"$(inherited)",
					"@executable_path/Frameworks",
				);
				MARKETING_VERSION = 1.0;
				PRODUCT_BUNDLE_IDENTIFIER = com.albrecht.SpaceXLaunches;
				PRODUCT_NAME = "$(TARGET_NAME)";
				SWIFT_EMIT_LOC_STRINGS = YES;
				SWIFT_VERSION = 5.0;
				TARGETED_DEVICE_FAMILY = "1,2";
			};
			name = Release;
		};
/* End XCBuildConfiguration section */

/* Begin XCConfigurationList section */
		49D7B35A273D5714001E8EFB /* Build configuration list for PBXProject "SpaceXLaunches" */ = {
			isa = XCConfigurationList;
			buildConfigurations = (
				49D7B371273D5717001E8EFB /* Debug */,
				49D7B372273D5717001E8EFB /* Release */,
			);
			defaultConfigurationIsVisible = 0;
			defaultConfigurationName = Release;
		};
		49D7B373273D5717001E8EFB /* Build configuration list for PBXNativeTarget "SpaceXLaunches" */ = {
			isa = XCConfigurationList;
			buildConfigurations = (
				49D7B374273D5717001E8EFB /* Debug */,
				49D7B375273D5717001E8EFB /* Release */,
			);
			defaultConfigurationIsVisible = 0;
			defaultConfigurationName = Release;
		};
/* End XCConfigurationList section */
	};
	rootObject = 49D7B357273D5714001E8EFB /* Project object */;
}
